<?xml version="1.0" encoding="utf-8"?>
<Project ToolsVersion="4.0" xmlns="http://schemas.microsoft.com/developer/msbuild/2003">
  <ItemGroup>
    <Filter Include="Source Files">
      <UniqueIdentifier>{4FC737F1-C7A5-4376-A066-2A32D752A2FF}</UniqueIdentifier>
      <Extensions>cpp;c;cc;cxx;c++;cppm;ixx;def;odl;idl;hpj;bat;asm;asmx</Extensions>
    </Filter>
    <Filter Include="World">
      <UniqueIdentifier>{116f571f-a875-4f4c-ab02-dff4c10934ca}</UniqueIdentifier>
    </Filter>
    <Filter Include="Body">
      <UniqueIdentifier>{a01b2f45-4c98-4c43-8e7f-91c71f8c7ec5}</UniqueIdentifier>
    </Filter>
  </ItemGroup>
  <ItemGroup>
    <ClInclude Include="svpWorld.h">
      <Filter>World</Filter>
    </ClInclude>
    <ClInclude Include="svpBody.h">
      <Filter>Body</Filter>
    </ClInclude>
    <ClInclude Include="pch.h" />
  </ItemGroup>
  <ItemGroup>
    <ClCompile Include="svpWorld.cpp">
      <Filter>World</Filter>
    </ClCompile>
    <ClCompile Include="svpBody.cpp">
      <Filter>Body</Filter>
    </ClCompile>
    <ClCompile Include="svPhysics.cppm" />
    <ClCompile Include="pch.cpp" />
  </ItemGroup>
</Project>